
Microsoft Visual Studio Solution File, Format Version 12.00
# Visual Studio Version 17
VisualStudioVersion = 17.0.31903.59
MinimumVisualStudioVersion = 10.0.40219.1
Project("{2150E333-8FDC-42A3-9474-1A3956D46DE8}") = "WebAPI", "WebAPI", "{A22FFDD0-2033-4C6D-9340-DACA1B324934}"
EndProject
Project("{FAE04EC0-301F-11D3-BF4B-00C04F79EFBC}") = "WebAPI", "WebAPI\WebAPI\WebAPI.csproj", "{D8545F45-335E-4D9F-9D36-5F2428FBB0B4}"
EndProject
Project("{2150E333-8FDC-42A3-9474-1A3956D46DE8}") = "WebGestion", "WebGestion", "{00054C7E-22F5-4623-BD12-943E4C07CB2C}"
EndProject
Project("{FAE04EC0-301F-11D3-BF4B-00C04F79EFBC}") = "WebGestion", "WebGestion\WebGestion\WebGestion.csproj", "{AE20B4FD-1F54-4515-841D-8AC1E734FF71}"
EndProject
Global
	GlobalSection(SolutionConfigurationPlatforms) = preSolution
		Debug|Any CPU = Debug|Any CPU
		Release|Any CPU = Release|Any CPU
	EndGlobalSection
	GlobalSection(SolutionProperties) = preSolution
		HideSolutionNode = FALSE
	EndGlobalSection
	GlobalSection(ProjectConfigurationPlatforms) = postSolution
		{D8545F45-335E-4D9F-9D36-5F2428FBB0B4}.Debug|Any CPU.ActiveCfg = Debug|Any CPU
		{D8545F45-335E-4D9F-9D36-5F2428FBB0B4}.Debug|Any CPU.Build.0 = Debug|Any CPU
		{D8545F45-335E-4D9F-9D36-5F2428FBB0B4}.Release|Any CPU.ActiveCfg = Release|Any CPU
		{D8545F45-335E-4D9F-9D36-5F2428FBB0B4}.Release|Any CPU.Build.0 = Release|Any CPU
		{AE20B4FD-1F54-4515-841D-8AC1E734FF71}.Debug|Any CPU.ActiveCfg = Debug|Any CPU
		{AE20B4FD-1F54-4515-841D-8AC1E734FF71}.Debug|Any CPU.Build.0 = Debug|Any CPU
		{AE20B4FD-1F54-4515-841D-8AC1E734FF71}.Release|Any CPU.ActiveCfg = Release|Any CPU
		{AE20B4FD-1F54-4515-841D-8AC1E734FF71}.Release|Any CPU.Build.0 = Release|Any CPU
	EndGlobalSection
	GlobalSection(NestedProjects) = preSolution
		{D8545F45-335E-4D9F-9D36-5F2428FBB0B4} = {A22FFDD0-2033-4C6D-9340-DACA1B324934}
		{AE20B4FD-1F54-4515-841D-8AC1E734FF71} = {00054C7E-22F5-4623-BD12-943E4C07CB2C}
	EndGlobalSection
EndGlobal
