
Microsoft Visual Studio Solution File, Format Version 12.00
# Visual Studio Version 17
VisualStudioVersion = 17.10.34916.146
MinimumVisualStudioVersion = 10.0.40219.1
Project("{FAE04EC0-301F-11D3-BF4B-00C04F79EFBC}") = "empleadosCRUD", "empleadosCRUD\empleadosCRUD.csproj", "{810A034E-E186-43BB-9A6F-15FEB035CA42}"
EndProject
Global
	GlobalSection(SolutionConfigurationPlatforms) = preSolution
		Debug|Any CPU = Debug|Any CPU
		Release|Any CPU = Release|Any CPU
	EndGlobalSection
	GlobalSection(ProjectConfigurationPlatforms) = postSolution
		{810A034E-E186-43BB-9A6F-15FEB035CA42}.Debug|Any CPU.ActiveCfg = Debug|Any CPU
		{810A034E-E186-43BB-9A6F-15FEB035CA42}.Debug|Any CPU.Build.0 = Debug|Any CPU
		{810A034E-E186-43BB-9A6F-15FEB035CA42}.Release|Any CPU.ActiveCfg = Release|Any CPU
		{810A034E-E186-43BB-9A6F-15FEB035CA42}.Release|Any CPU.Build.0 = Release|Any CPU
	EndGlobalSection
	GlobalSection(SolutionProperties) = preSolution
		HideSolutionNode = FALSE
	EndGlobalSection
	GlobalSection(ExtensibilityGlobals) = postSolution
		SolutionGuid = {4919FC75-0D72-4B50-8283-BF0C59C0D3EF}
	EndGlobalSection
EndGlobal
